
Microsoft Visual Studio Solution File, Format Version 12.00
# Visual Studio 15
VisualStudioVersion = 15.0.27428.2015
MinimumVisualStudioVersion = 10.0.40219.1
Project("{FAE04EC0-301F-11D3-BF4B-00C04F79EFBC}") = "ProjetoAcessoUsuario", "ProjetoAcessoUsuario\ProjetoAcessoUsuario.csproj", "{40C013DD-11F8-4A58-9B52-D5A1E4E38AB6}"
EndProject
Global
	GlobalSection(SolutionConfigurationPlatforms) = preSolution
		Debug|Any CPU = Debug|Any CPU
		Release|Any CPU = Release|Any CPU
	EndGlobalSection
	GlobalSection(ProjectConfigurationPlatforms) = postSolution
		{40C013DD-11F8-4A58-9B52-D5A1E4E38AB6}.Debug|Any CPU.ActiveCfg = Debug|Any CPU
		{40C013DD-11F8-4A58-9B52-D5A1E4E38AB6}.Debug|Any CPU.Build.0 = Debug|Any CPU
		{40C013DD-11F8-4A58-9B52-D5A1E4E38AB6}.Release|Any CPU.ActiveCfg = Release|Any CPU
		{40C013DD-11F8-4A58-9B52-D5A1E4E38AB6}.Release|Any CPU.Build.0 = Release|Any CPU
	EndGlobalSection
	GlobalSection(SolutionProperties) = preSolution
		HideSolutionNode = FALSE
	EndGlobalSection
	GlobalSection(ExtensibilityGlobals) = postSolution
		SolutionGuid = {FF591A0A-3863-4FDD-B4A5-2EBC7FB6A17B}
	EndGlobalSection
EndGlobal
